
Microsoft Visual Studio Solution File, Format Version 12.00
# Visual Studio 15
VisualStudioVersion = 15.0.28307.572
MinimumVisualStudioVersion = 10.0.40219.1
Project("{FAE04EC0-301F-11D3-BF4B-00C04F79EFBC}") = "UI", "UI\UI.csproj", "{CE37B760-8507-4037-9441-BFF51D1F4962}"
EndProject
Global
	GlobalSection(SolutionConfigurationPlatforms) = preSolution
		Debug|Any CPU = Debug|Any CPU
		Release|Any CPU = Release|Any CPU
	EndGlobalSection
	GlobalSection(ProjectConfigurationPlatforms) = postSolution
		{CE37B760-8507-4037-9441-BFF51D1F4962}.Debug|Any CPU.ActiveCfg = Debug|Any CPU
		{CE37B760-8507-4037-9441-BFF51D1F4962}.Debug|Any CPU.Build.0 = Debug|Any CPU
		{CE37B760-8507-4037-9441-BFF51D1F4962}.Release|Any CPU.ActiveCfg = Release|Any CPU
		{CE37B760-8507-4037-9441-BFF51D1F4962}.Release|Any CPU.Build.0 = Release|Any CPU
	EndGlobalSection
	GlobalSection(SolutionProperties) = preSolution
		HideSolutionNode = FALSE
	EndGlobalSection
	GlobalSection(ExtensibilityGlobals) = postSolution
		SolutionGuid = {A1355EAB-6286-440B-BA34-0E9CFFBE7F37}
	EndGlobalSection
EndGlobal
